// !$*UTF8*$!
{
	archiveVersion = 1;
	classes = {
	};
	objectVersion = 56;
	objects = {

/* Begin PBXBuildFile section */
		DD01EAB32C1757FC00D403BD /* AppDelegate.swift in Sources */ = {isa = PBXBuildFile; fileRef = DD01EAB22C1757FC00D403BD /* AppDelegate.swift */; };
		DD01EAB52C1757FC00D403BD /* SceneDelegate.swift in Sources */ = {isa = PBXBuildFile; fileRef = DD01EAB42C1757FC00D403BD /* SceneDelegate.swift */; };
		DD01EAB72C1757FC00D403BD /* TabBarController.swift in Sources */ = {isa = PBXBuildFile; fileRef = DD01EAB62C1757FC00D403BD /* TabBarController.swift */; };
		DD01EABC2C1757FE00D403BD /* Assets.xcassets in Resources */ = {isa = PBXBuildFile; fileRef = DD01EABB2C1757FE00D403BD /* Assets.xcassets */; };
		DD01EABF2C1757FE00D403BD /* Base in Resources */ = {isa = PBXBuildFile; fileRef = DD01EABE2C1757FE00D403BD /* Base */; };
		DDEAF30F2C175F130009E3CF /* ImagesCollectionViewController.swift in Sources */ = {isa = PBXBuildFile; fileRef = DDEAF30E2C175F130009E3CF /* ImagesCollectionViewController.swift */; };
		DDEAF3132C175F760009E3CF /* FavoriteImagesViewController.swift in Sources */ = {isa = PBXBuildFile; fileRef = DDEAF3122C175F760009E3CF /* FavoriteImagesViewController.swift */; };
		DDEAF3172C1763D90009E3CF /* DetailViewController.swift in Sources */ = {isa = PBXBuildFile; fileRef = DDEAF3162C1763D90009E3CF /* DetailViewController.swift */; };
		DDEAF31A2C17716E0009E3CF /* ImagesCollectionCell.swift in Sources */ = {isa = PBXBuildFile; fileRef = DDEAF3192C17716E0009E3CF /* ImagesCollectionCell.swift */; };
		DDEAF3212C17889E0009E3CF /* FavoriteImagesCell.swift in Sources */ = {isa = PBXBuildFile; fileRef = DDEAF3202C17889E0009E3CF /* FavoriteImagesCell.swift */; };
		DDEAF3232C18A02F0009E3CF /* HttpMethod.swift in Sources */ = {isa = PBXBuildFile; fileRef = DDEAF3222C18A02F0009E3CF /* HttpMethod.swift */; };
		DDEAF3252C18A06B0009E3CF /* Endpoint.swift in Sources */ = {isa = PBXBuildFile; fileRef = DDEAF3242C18A06B0009E3CF /* Endpoint.swift */; };
		DDEAF3272C18A3B10009E3CF /* NetworkRequest.swift in Sources */ = {isa = PBXBuildFile; fileRef = DDEAF3262C18A3B10009E3CF /* NetworkRequest.swift */; };
		DDEAF32A2C18A7320009E3CF /* PhotosRequest.swift in Sources */ = {isa = PBXBuildFile; fileRef = DDEAF3292C18A7320009E3CF /* PhotosRequest.swift */; };
		DDEAF32C2C18A7DC0009E3CF /* LikePhotoRequest.swift in Sources */ = {isa = PBXBuildFile; fileRef = DDEAF32B2C18A7DC0009E3CF /* LikePhotoRequest.swift */; };
		DDEAF32E2C18A8310009E3CF /* UnlikePhotoRequest.swift in Sources */ = {isa = PBXBuildFile; fileRef = DDEAF32D2C18A8310009E3CF /* UnlikePhotoRequest.swift */; };
		DDEAF3312C18A87C0009E3CF /* SearchPhotosRequest.swift in Sources */ = {isa = PBXBuildFile; fileRef = DDEAF3302C18A87C0009E3CF /* SearchPhotosRequest.swift */; };
		DDEAF3332C18AB7D0009E3CF /* PhotosService.swift in Sources */ = {isa = PBXBuildFile; fileRef = DDEAF3322C18AB7D0009E3CF /* PhotosService.swift */; };
		DDEAF3362C18ABF20009E3CF /* Photo.swift in Sources */ = {isa = PBXBuildFile; fileRef = DDEAF3352C18ABF20009E3CF /* Photo.swift */; };
		DDEAF33D2C18B0EC0009E3CF /* UsersService.swift in Sources */ = {isa = PBXBuildFile; fileRef = DDEAF33C2C18B0EC0009E3CF /* UsersService.swift */; };
		DDEAF33F2C18B5300009E3CF /* TokenStorage.swift in Sources */ = {isa = PBXBuildFile; fileRef = DDEAF33E2C18B5300009E3CF /* TokenStorage.swift */; };
		DDEAF3472C18BEEC0009E3CF /* Token.swift in Sources */ = {isa = PBXBuildFile; fileRef = DDEAF3462C18BEEC0009E3CF /* Token.swift */; };
		DDEAF34A2C18C0240009E3CF /* AuthService.swift in Sources */ = {isa = PBXBuildFile; fileRef = DDEAF3492C18C0240009E3CF /* AuthService.swift */; };
		DDEAF34D2C18C0950009E3CF /* SplashViewController.swift in Sources */ = {isa = PBXBuildFile; fileRef = DDEAF34C2C18C0950009E3CF /* SplashViewController.swift */; };
		DDEAF3502C18C16C0009E3CF /* AuthViewController.swift in Sources */ = {isa = PBXBuildFile; fileRef = DDEAF34F2C18C16C0009E3CF /* AuthViewController.swift */; };
		DDEAF3522C18DEF70009E3CF /* NetworkService.swift in Sources */ = {isa = PBXBuildFile; fileRef = DDEAF3512C18DEF70009E3CF /* NetworkService.swift */; };
		DDEAF3562C1994E60009E3CF /* Photos.swift in Sources */ = {isa = PBXBuildFile; fileRef = DDEAF3552C1994E60009E3CF /* Photos.swift */; };
		F3A54503B99A4E9AFC4733EC /* libPods-Unsplasher.a in Frameworks */ = {isa = PBXBuildFile; fileRef = D0389F50DF02CAA33D7C3624 /* libPods-Unsplasher.a */; };
/* End PBXBuildFile section */

/* Begin PBXFileReference section */
		443C2641BCD3FC3365A4D281 /* Pods-Unsplasher.debug.xcconfig */ = {isa = PBXFileReference; includeInIndex = 1; lastKnownFileType = text.xcconfig; name = "Pods-Unsplasher.debug.xcconfig"; path = "Target Support Files/Pods-Unsplasher/Pods-Unsplasher.debug.xcconfig"; sourceTree = "<group>"; };
		9790BA28088257B79E882017 /* Pods-Unsplasher.release.xcconfig */ = {isa = PBXFileReference; includeInIndex = 1; lastKnownFileType = text.xcconfig; name = "Pods-Unsplasher.release.xcconfig"; path = "Target Support Files/Pods-Unsplasher/Pods-Unsplasher.release.xcconfig"; sourceTree = "<group>"; };
		D0389F50DF02CAA33D7C3624 /* libPods-Unsplasher.a */ = {isa = PBXFileReference; explicitFileType = archive.ar; includeInIndex = 0; path = "libPods-Unsplasher.a"; sourceTree = BUILT_PRODUCTS_DIR; };
		DD01EAAF2C1757FC00D403BD /* Unsplasher.app */ = {isa = PBXFileReference; explicitFileType = wrapper.application; includeInIndex = 0; path = Unsplasher.app; sourceTree = BUILT_PRODUCTS_DIR; };
		DD01EAB22C1757FC00D403BD /* AppDelegate.swift */ = {isa = PBXFileReference; lastKnownFileType = sourcecode.swift; path = AppDelegate.swift; sourceTree = "<group>"; };
		DD01EAB42C1757FC00D403BD /* SceneDelegate.swift */ = {isa = PBXFileReference; lastKnownFileType = sourcecode.swift; path = SceneDelegate.swift; sourceTree = "<group>"; };
		DD01EAB62C1757FC00D403BD /* TabBarController.swift */ = {isa = PBXFileReference; lastKnownFileType = sourcecode.swift; path = TabBarController.swift; sourceTree = "<group>"; };
		DD01EABB2C1757FE00D403BD /* Assets.xcassets */ = {isa = PBXFileReference; lastKnownFileType = folder.assetcatalog; path = Assets.xcassets; sourceTree = "<group>"; };
		DD01EABE2C1757FE00D403BD /* Base */ = {isa = PBXFileReference; lastKnownFileType = file.storyboard; name = Base; path = Base.lproj/LaunchScreen.storyboard; sourceTree = "<group>"; };
		DD01EAC02C1757FE00D403BD /* Info.plist */ = {isa = PBXFileReference; lastKnownFileType = text.plist.xml; path = Info.plist; sourceTree = "<group>"; };
		DDEAF30E2C175F130009E3CF /* ImagesCollectionViewController.swift */ = {isa = PBXFileReference; lastKnownFileType = sourcecode.swift; path = ImagesCollectionViewController.swift; sourceTree = "<group>"; };
		DDEAF3122C175F760009E3CF /* FavoriteImagesViewController.swift */ = {isa = PBXFileReference; lastKnownFileType = sourcecode.swift; path = FavoriteImagesViewController.swift; sourceTree = "<group>"; };
		DDEAF3162C1763D90009E3CF /* DetailViewController.swift */ = {isa = PBXFileReference; lastKnownFileType = sourcecode.swift; path = DetailViewController.swift; sourceTree = "<group>"; };
		DDEAF3192C17716E0009E3CF /* ImagesCollectionCell.swift */ = {isa = PBXFileReference; lastKnownFileType = sourcecode.swift; path = ImagesCollectionCell.swift; sourceTree = "<group>"; };
		DDEAF3202C17889E0009E3CF /* FavoriteImagesCell.swift */ = {isa = PBXFileReference; lastKnownFileType = sourcecode.swift; path = FavoriteImagesCell.swift; sourceTree = "<group>"; };
		DDEAF3222C18A02F0009E3CF /* HttpMethod.swift */ = {isa = PBXFileReference; lastKnownFileType = sourcecode.swift; path = HttpMethod.swift; sourceTree = "<group>"; };
		DDEAF3242C18A06B0009E3CF /* Endpoint.swift */ = {isa = PBXFileReference; lastKnownFileType = sourcecode.swift; path = Endpoint.swift; sourceTree = "<group>"; };
		DDEAF3262C18A3B10009E3CF /* NetworkRequest.swift */ = {isa = PBXFileReference; lastKnownFileType = sourcecode.swift; path = NetworkRequest.swift; sourceTree = "<group>"; };
		DDEAF3292C18A7320009E3CF /* PhotosRequest.swift */ = {isa = PBXFileReference; lastKnownFileType = sourcecode.swift; path = PhotosRequest.swift; sourceTree = "<group>"; };
		DDEAF32B2C18A7DC0009E3CF /* LikePhotoRequest.swift */ = {isa = PBXFileReference; lastKnownFileType = sourcecode.swift; path = LikePhotoRequest.swift; sourceTree = "<group>"; };
		DDEAF32D2C18A8310009E3CF /* UnlikePhotoRequest.swift */ = {isa = PBXFileReference; lastKnownFileType = sourcecode.swift; path = UnlikePhotoRequest.swift; sourceTree = "<group>"; };
		DDEAF3302C18A87C0009E3CF /* SearchPhotosRequest.swift */ = {isa = PBXFileReference; lastKnownFileType = sourcecode.swift; path = SearchPhotosRequest.swift; sourceTree = "<group>"; };
		DDEAF3322C18AB7D0009E3CF /* PhotosService.swift */ = {isa = PBXFileReference; lastKnownFileType = sourcecode.swift; path = PhotosService.swift; sourceTree = "<group>"; };
		DDEAF3352C18ABF20009E3CF /* Photo.swift */ = {isa = PBXFileReference; lastKnownFileType = sourcecode.swift; path = Photo.swift; sourceTree = "<group>"; };
		DDEAF33C2C18B0EC0009E3CF /* UsersService.swift */ = {isa = PBXFileReference; lastKnownFileType = sourcecode.swift; path = UsersService.swift; sourceTree = "<group>"; };
		DDEAF33E2C18B5300009E3CF /* TokenStorage.swift */ = {isa = PBXFileReference; lastKnownFileType = sourcecode.swift; path = TokenStorage.swift; sourceTree = "<group>"; };
		DDEAF3462C18BEEC0009E3CF /* Token.swift */ = {isa = PBXFileReference; lastKnownFileType = sourcecode.swift; path = Token.swift; sourceTree = "<group>"; };
		DDEAF3492C18C0240009E3CF /* AuthService.swift */ = {isa = PBXFileReference; lastKnownFileType = sourcecode.swift; path = AuthService.swift; sourceTree = "<group>"; };
		DDEAF34C2C18C0950009E3CF /* SplashViewController.swift */ = {isa = PBXFileReference; lastKnownFileType = sourcecode.swift; path = SplashViewController.swift; sourceTree = "<group>"; };
		DDEAF34F2C18C16C0009E3CF /* AuthViewController.swift */ = {isa = PBXFileReference; lastKnownFileType = sourcecode.swift; path = AuthViewController.swift; sourceTree = "<group>"; };
		DDEAF3512C18DEF70009E3CF /* NetworkService.swift */ = {isa = PBXFileReference; lastKnownFileType = sourcecode.swift; path = NetworkService.swift; sourceTree = "<group>"; };
		DDEAF3552C1994E60009E3CF /* Photos.swift */ = {isa = PBXFileReference; lastKnownFileType = sourcecode.swift; path = Photos.swift; sourceTree = "<group>"; };
/* End PBXFileReference section */

/* Begin PBXFrameworksBuildPhase section */
		DD01EAAC2C1757FC00D403BD /* Frameworks */ = {
			isa = PBXFrameworksBuildPhase;
			buildActionMask = 2147483647;
			files = (
				F3A54503B99A4E9AFC4733EC /* libPods-Unsplasher.a in Frameworks */,
			);
			runOnlyForDeploymentPostprocessing = 0;
		};
/* End PBXFrameworksBuildPhase section */

/* Begin PBXGroup section */
		15F4FFF2FFE6AA8D50FAAF14 /* Pods */ = {
			isa = PBXGroup;
			children = (
				443C2641BCD3FC3365A4D281 /* Pods-Unsplasher.debug.xcconfig */,
				9790BA28088257B79E882017 /* Pods-Unsplasher.release.xcconfig */,
			);
			path = Pods;
			sourceTree = "<group>";
		};
		330207B2E90E50A618454C9D /* Frameworks */ = {
			isa = PBXGroup;
			children = (
				D0389F50DF02CAA33D7C3624 /* libPods-Unsplasher.a */,
			);
			name = Frameworks;
			sourceTree = "<group>";
		};
		DD01EAA62C1757FC00D403BD = {
			isa = PBXGroup;
			children = (
				DD01EAB12C1757FC00D403BD /* Unsplasher */,
				DD01EAB02C1757FC00D403BD /* Products */,
				15F4FFF2FFE6AA8D50FAAF14 /* Pods */,
				330207B2E90E50A618454C9D /* Frameworks */,
			);
			sourceTree = "<group>";
		};
		DD01EAB02C1757FC00D403BD /* Products */ = {
			isa = PBXGroup;
			children = (
				DD01EAAF2C1757FC00D403BD /* Unsplasher.app */,
			);
			name = Products;
			sourceTree = "<group>";
		};
		DD01EAB12C1757FC00D403BD /* Unsplasher */ = {
			isa = PBXGroup;
			children = (
				DDEAF3142C175FC20009E3CF /* API */,
				DDEAF30C2C175E870009E3CF /* App */,
				DDEAF30D2C175E910009E3CF /* Resources */,
				DDEAF3152C175FE90009E3CF /* Scenes */,
			);
			path = Unsplasher;
			sourceTree = "<group>";
		};
		DDEAF30C2C175E870009E3CF /* App */ = {
			isa = PBXGroup;
			children = (
				DD01EAB22C1757FC00D403BD /* AppDelegate.swift */,
				DD01EAB42C1757FC00D403BD /* SceneDelegate.swift */,
			);
			path = App;
			sourceTree = "<group>";
		};
		DDEAF30D2C175E910009E3CF /* Resources */ = {
			isa = PBXGroup;
			children = (
				DD01EABB2C1757FE00D403BD /* Assets.xcassets */,
				DD01EABD2C1757FE00D403BD /* LaunchScreen.storyboard */,
				DD01EAC02C1757FE00D403BD /* Info.plist */,
			);
			path = Resources;
			sourceTree = "<group>";
		};
		DDEAF3142C175FC20009E3CF /* API */ = {
			isa = PBXGroup;
			children = (
				DDEAF3482C18BFC10009E3CF /* Auth */,
				DDEAF33B2C18B0CB0009E3CF /* Services */,
				DDEAF3342C18ABE80009E3CF /* Models */,
				DDEAF3282C18A7060009E3CF /* Requests */,
				DDEAF3222C18A02F0009E3CF /* HttpMethod.swift */,
				DDEAF3242C18A06B0009E3CF /* Endpoint.swift */,
				DDEAF33E2C18B5300009E3CF /* TokenStorage.swift */,
			);
			path = API;
			sourceTree = "<group>";
		};
		DDEAF3152C175FE90009E3CF /* Scenes */ = {
			isa = PBXGroup;
			children = (
				DDEAF34E2C18C1590009E3CF /* AuthScreen */,
				DDEAF34B2C18C0820009E3CF /* SplashScreen */,
				DDEAF3182C17714F0009E3CF /* ImagesCollection */,
				DDEAF31B2C177EC60009E3CF /* FavoriteImages */,
				DD01EAB62C1757FC00D403BD /* TabBarController.swift */,
				DDEAF3162C1763D90009E3CF /* DetailViewController.swift */,
			);
			path = Scenes;
			sourceTree = "<group>";
		};
		DDEAF3182C17714F0009E3CF /* ImagesCollection */ = {
			isa = PBXGroup;
			children = (
				DDEAF30E2C175F130009E3CF /* ImagesCollectionViewController.swift */,
				DDEAF3192C17716E0009E3CF /* ImagesCollectionCell.swift */,
			);
			path = ImagesCollection;
			sourceTree = "<group>";
		};
		DDEAF31B2C177EC60009E3CF /* FavoriteImages */ = {
			isa = PBXGroup;
			children = (
				DDEAF3122C175F760009E3CF /* FavoriteImagesViewController.swift */,
				DDEAF3202C17889E0009E3CF /* FavoriteImagesCell.swift */,
			);
			path = FavoriteImages;
			sourceTree = "<group>";
		};
		DDEAF3282C18A7060009E3CF /* Requests */ = {
			isa = PBXGroup;
			children = (
				DDEAF3262C18A3B10009E3CF /* NetworkRequest.swift */,
				DDEAF3292C18A7320009E3CF /* PhotosRequest.swift */,
				DDEAF32B2C18A7DC0009E3CF /* LikePhotoRequest.swift */,
				DDEAF32D2C18A8310009E3CF /* UnlikePhotoRequest.swift */,
				DDEAF3302C18A87C0009E3CF /* SearchPhotosRequest.swift */,
			);
			path = Requests;
			sourceTree = "<group>";
		};
		DDEAF3342C18ABE80009E3CF /* Models */ = {
			isa = PBXGroup;
			children = (
				DDEAF3352C18ABF20009E3CF /* Photo.swift */,
				DDEAF3552C1994E60009E3CF /* Photos.swift */,
				DDEAF3462C18BEEC0009E3CF /* Token.swift */,
			);
			path = Models;
			sourceTree = "<group>";
		};
		DDEAF33B2C18B0CB0009E3CF /* Services */ = {
			isa = PBXGroup;
			children = (
				DDEAF3322C18AB7D0009E3CF /* PhotosService.swift */,
				DDEAF33C2C18B0EC0009E3CF /* UsersService.swift */,
				DDEAF3492C18C0240009E3CF /* AuthService.swift */,
				DDEAF3512C18DEF70009E3CF /* NetworkService.swift */,
			);
			path = Services;
			sourceTree = "<group>";
		};
		DDEAF3482C18BFC10009E3CF /* Auth */ = {
			isa = PBXGroup;
			children = (
			);
			path = Auth;
			sourceTree = "<group>";
		};
		DDEAF34B2C18C0820009E3CF /* SplashScreen */ = {
			isa = PBXGroup;
			children = (
				DDEAF34C2C18C0950009E3CF /* SplashViewController.swift */,
			);
			path = SplashScreen;
			sourceTree = "<group>";
		};
		DDEAF34E2C18C1590009E3CF /* AuthScreen */ = {
			isa = PBXGroup;
			children = (
				DDEAF34F2C18C16C0009E3CF /* AuthViewController.swift */,
			);
			path = AuthScreen;
			sourceTree = "<group>";
		};
/* End PBXGroup section */

/* Begin PBXNativeTarget section */
		DD01EAAE2C1757FC00D403BD /* Unsplasher */ = {
			isa = PBXNativeTarget;
			buildConfigurationList = DD01EAC32C1757FE00D403BD /* Build configuration list for PBXNativeTarget "Unsplasher" */;
			buildPhases = (
				8A1CA494316D1C05570F058B /* [CP] Check Pods Manifest.lock */,
				DD01EAAB2C1757FC00D403BD /* Sources */,
				DD01EAAC2C1757FC00D403BD /* Frameworks */,
				DD01EAAD2C1757FC00D403BD /* Resources */,
				3034D8691D365FA6AB1050B8 /* [CP] Copy Pods Resources */,
			);
			buildRules = (
			);
			dependencies = (
			);
			name = Unsplasher;
			productName = Unsplasher;
			productReference = DD01EAAF2C1757FC00D403BD /* Unsplasher.app */;
			productType = "com.apple.product-type.application";
		};
/* End PBXNativeTarget section */

/* Begin PBXProject section */
		DD01EAA72C1757FC00D403BD /* Project object */ = {
			isa = PBXProject;
			attributes = {
				BuildIndependentTargetsInParallel = 1;
				LastSwiftUpdateCheck = 1540;
				LastUpgradeCheck = 1540;
				TargetAttributes = {
					DD01EAAE2C1757FC00D403BD = {
						CreatedOnToolsVersion = 15.4;
					};
				};
			};
			buildConfigurationList = DD01EAAA2C1757FC00D403BD /* Build configuration list for PBXProject "Unsplasher" */;
			compatibilityVersion = "Xcode 14.0";
			developmentRegion = en;
			hasScannedForEncodings = 0;
			knownRegions = (
				en,
				Base,
			);
			mainGroup = DD01EAA62C1757FC00D403BD;
			productRefGroup = DD01EAB02C1757FC00D403BD /* Products */;
			projectDirPath = "";
			projectRoot = "";
			targets = (
				DD01EAAE2C1757FC00D403BD /* Unsplasher */,
			);
		};
/* End PBXProject section */

/* Begin PBXResourcesBuildPhase section */
		DD01EAAD2C1757FC00D403BD /* Resources */ = {
			isa = PBXResourcesBuildPhase;
			buildActionMask = 2147483647;
			files = (
				DD01EABC2C1757FE00D403BD /* Assets.xcassets in Resources */,
				DD01EABF2C1757FE00D403BD /* Base in Resources */,
			);
			runOnlyForDeploymentPostprocessing = 0;
		};
/* End PBXResourcesBuildPhase section */

/* Begin PBXShellScriptBuildPhase section */
		3034D8691D365FA6AB1050B8 /* [CP] Copy Pods Resources */ = {
			isa = PBXShellScriptBuildPhase;
			buildActionMask = 2147483647;
			files = (
			);
			inputFileListPaths = (
				"${PODS_ROOT}/Target Support Files/Pods-Unsplasher/Pods-Unsplasher-resources-${CONFIGURATION}-input-files.xcfilelist",
			);
			name = "[CP] Copy Pods Resources";
			outputFileListPaths = (
				"${PODS_ROOT}/Target Support Files/Pods-Unsplasher/Pods-Unsplasher-resources-${CONFIGURATION}-output-files.xcfilelist",
			);
			runOnlyForDeploymentPostprocessing = 0;
			shellPath = /bin/sh;
			shellScript = "\"${PODS_ROOT}/Target Support Files/Pods-Unsplasher/Pods-Unsplasher-resources.sh\"\n";
			showEnvVarsInLog = 0;
		};
		8A1CA494316D1C05570F058B /* [CP] Check Pods Manifest.lock */ = {
			isa = PBXShellScriptBuildPhase;
			buildActionMask = 2147483647;
			files = (
			);
			inputFileListPaths = (
			);
			inputPaths = (
				"${PODS_PODFILE_DIR_PATH}/Podfile.lock",
				"${PODS_ROOT}/Manifest.lock",
			);
			name = "[CP] Check Pods Manifest.lock";
			outputFileListPaths = (
			);
			outputPaths = (
				"$(DERIVED_FILE_DIR)/Pods-Unsplasher-checkManifestLockResult.txt",
			);
			runOnlyForDeploymentPostprocessing = 0;
			shellPath = /bin/sh;
			shellScript = "diff \"${PODS_PODFILE_DIR_PATH}/Podfile.lock\" \"${PODS_ROOT}/Manifest.lock\" > /dev/null\nif [ $? != 0 ] ; then\n    # print error to STDERR\n    echo \"error: The sandbox is not in sync with the Podfile.lock. Run 'pod install' or update your CocoaPods installation.\" >&2\n    exit 1\nfi\n# This output is used by Xcode 'outputs' to avoid re-running this script phase.\necho \"SUCCESS\" > \"${SCRIPT_OUTPUT_FILE_0}\"\n";
			showEnvVarsInLog = 0;
		};
/* End PBXShellScriptBuildPhase section */

/* Begin PBXSourcesBuildPhase section */
		DD01EAAB2C1757FC00D403BD /* Sources */ = {
			isa = PBXSourcesBuildPhase;
			buildActionMask = 2147483647;
			files = (
				DDEAF30F2C175F130009E3CF /* ImagesCollectionViewController.swift in Sources */,
				DDEAF3212C17889E0009E3CF /* FavoriteImagesCell.swift in Sources */,
				DDEAF3332C18AB7D0009E3CF /* PhotosService.swift in Sources */,
				DDEAF32E2C18A8310009E3CF /* UnlikePhotoRequest.swift in Sources */,
				DD01EAB72C1757FC00D403BD /* TabBarController.swift in Sources */,
				DD01EAB32C1757FC00D403BD /* AppDelegate.swift in Sources */,
				DDEAF33F2C18B5300009E3CF /* TokenStorage.swift in Sources */,
				DDEAF3502C18C16C0009E3CF /* AuthViewController.swift in Sources */,
				DDEAF3252C18A06B0009E3CF /* Endpoint.swift in Sources */,
				DDEAF34D2C18C0950009E3CF /* SplashViewController.swift in Sources */,
				DDEAF3232C18A02F0009E3CF /* HttpMethod.swift in Sources */,
				DDEAF3522C18DEF70009E3CF /* NetworkService.swift in Sources */,
				DDEAF3312C18A87C0009E3CF /* SearchPhotosRequest.swift in Sources */,
				DDEAF3172C1763D90009E3CF /* DetailViewController.swift in Sources */,
				DDEAF3362C18ABF20009E3CF /* Photo.swift in Sources */,
				DDEAF34A2C18C0240009E3CF /* AuthService.swift in Sources */,
				DDEAF31A2C17716E0009E3CF /* ImagesCollectionCell.swift in Sources */,
				DDEAF3562C1994E60009E3CF /* Photos.swift in Sources */,
				DDEAF33D2C18B0EC0009E3CF /* UsersService.swift in Sources */,
				DDEAF32A2C18A7320009E3CF /* PhotosRequest.swift in Sources */,
				DDEAF3272C18A3B10009E3CF /* NetworkRequest.swift in Sources */,
				DDEAF3472C18BEEC0009E3CF /* Token.swift in Sources */,
				DDEAF32C2C18A7DC0009E3CF /* LikePhotoRequest.swift in Sources */,
				DDEAF3132C175F760009E3CF /* FavoriteImagesViewController.swift in Sources */,
				DD01EAB52C1757FC00D403BD /* SceneDelegate.swift in Sources */,
			);
			runOnlyForDeploymentPostprocessing = 0;
		};
/* End PBXSourcesBuildPhase section */

/* Begin PBXVariantGroup section */
		DD01EABD2C1757FE00D403BD /* LaunchScreen.storyboard */ = {
			isa = PBXVariantGroup;
			children = (
				DD01EABE2C1757FE00D403BD /* Base */,
			);
			name = LaunchScreen.storyboard;
			sourceTree = "<group>";
		};
/* End PBXVariantGroup section */

/* Begin XCBuildConfiguration section */
		DD01EAC12C1757FE00D403BD /* Debug */ = {
			isa = XCBuildConfiguration;
			buildSettings = {
				ALWAYS_SEARCH_USER_PATHS = NO;
				ASSETCATALOG_COMPILER_GENERATE_SWIFT_ASSET_SYMBOL_EXTENSIONS = YES;
				CLANG_ANALYZER_NONNULL = YES;
				CLANG_ANALYZER_NUMBER_OBJECT_CONVERSION = YES_AGGRESSIVE;
				CLANG_CXX_LANGUAGE_STANDARD = "gnu++20";
				CLANG_ENABLE_MODULES = YES;
				CLANG_ENABLE_OBJC_ARC = YES;
				CLANG_ENABLE_OBJC_WEAK = YES;
				CLANG_WARN_BLOCK_CAPTURE_AUTORELEASING = YES;
				CLANG_WARN_BOOL_CONVERSION = YES;
				CLANG_WARN_COMMA = YES;
				CLANG_WARN_CONSTANT_CONVERSION = YES;
				CLANG_WARN_DEPRECATED_OBJC_IMPLEMENTATIONS = YES;
				CLANG_WARN_DIRECT_OBJC_ISA_USAGE = YES_ERROR;
				CLANG_WARN_DOCUMENTATION_COMMENTS = YES;
				CLANG_WARN_EMPTY_BODY = YES;
				CLANG_WARN_ENUM_CONVERSION = YES;
				CLANG_WARN_INFINITE_RECURSION = YES;
				CLANG_WARN_INT_CONVERSION = YES;
				CLANG_WARN_NON_LITERAL_NULL_CONVERSION = YES;
				CLANG_WARN_OBJC_IMPLICIT_RETAIN_SELF = YES;
				CLANG_WARN_OBJC_LITERAL_CONVERSION = YES;
				CLANG_WARN_OBJC_ROOT_CLASS = YES_ERROR;
				CLANG_WARN_QUOTED_INCLUDE_IN_FRAMEWORK_HEADER = YES;
				CLANG_WARN_RANGE_LOOP_ANALYSIS = YES;
				CLANG_WARN_STRICT_PROTOTYPES = YES;
				CLANG_WARN_SUSPICIOUS_MOVE = YES;
				CLANG_WARN_UNGUARDED_AVAILABILITY = YES_AGGRESSIVE;
				CLANG_WARN_UNREACHABLE_CODE = YES;
				CLANG_WARN__DUPLICATE_METHOD_MATCH = YES;
				COPY_PHASE_STRIP = NO;
				DEBUG_INFORMATION_FORMAT = dwarf;
				ENABLE_STRICT_OBJC_MSGSEND = YES;
				ENABLE_TESTABILITY = YES;
				ENABLE_USER_SCRIPT_SANDBOXING = YES;
				GCC_C_LANGUAGE_STANDARD = gnu17;
				GCC_DYNAMIC_NO_PIC = NO;
				GCC_NO_COMMON_BLOCKS = YES;
				GCC_OPTIMIZATION_LEVEL = 0;
				GCC_PREPROCESSOR_DEFINITIONS = (
					"DEBUG=1",
					"$(inherited)",
				);
				GCC_WARN_64_TO_32_BIT_CONVERSION = YES;
				GCC_WARN_ABOUT_RETURN_TYPE = YES_ERROR;
				GCC_WARN_UNDECLARED_SELECTOR = YES;
				GCC_WARN_UNINITIALIZED_AUTOS = YES_AGGRESSIVE;
				GCC_WARN_UNUSED_FUNCTION = YES;
				GCC_WARN_UNUSED_VARIABLE = YES;
				IPHONEOS_DEPLOYMENT_TARGET = 17.5;
				LOCALIZATION_PREFERS_STRING_CATALOGS = YES;
				MTL_ENABLE_DEBUG_INFO = INCLUDE_SOURCE;
				MTL_FAST_MATH = YES;
				ONLY_ACTIVE_ARCH = YES;
				SDKROOT = iphoneos;
				SWIFT_ACTIVE_COMPILATION_CONDITIONS = "DEBUG $(inherited)";
				SWIFT_OPTIMIZATION_LEVEL = "-Onone";
			};
			name = Debug;
		};
		DD01EAC22C1757FE00D403BD /* Release */ = {
			isa = XCBuildConfiguration;
			buildSettings = {
				ALWAYS_SEARCH_USER_PATHS = NO;
				ASSETCATALOG_COMPILER_GENERATE_SWIFT_ASSET_SYMBOL_EXTENSIONS = YES;
				CLANG_ANALYZER_NONNULL = YES;
				CLANG_ANALYZER_NUMBER_OBJECT_CONVERSION = YES_AGGRESSIVE;
				CLANG_CXX_LANGUAGE_STANDARD = "gnu++20";
				CLANG_ENABLE_MODULES = YES;
				CLANG_ENABLE_OBJC_ARC = YES;
				CLANG_ENABLE_OBJC_WEAK = YES;
				CLANG_WARN_BLOCK_CAPTURE_AUTORELEASING = YES;
				CLANG_WARN_BOOL_CONVERSION = YES;
				CLANG_WARN_COMMA = YES;
				CLANG_WARN_CONSTANT_CONVERSION = YES;
				CLANG_WARN_DEPRECATED_OBJC_IMPLEMENTATIONS = YES;
				CLANG_WARN_DIRECT_OBJC_ISA_USAGE = YES_ERROR;
				CLANG_WARN_DOCUMENTATION_COMMENTS = YES;
				CLANG_WARN_EMPTY_BODY = YES;
				CLANG_WARN_ENUM_CONVERSION = YES;
				CLANG_WARN_INFINITE_RECURSION = YES;
				CLANG_WARN_INT_CONVERSION = YES;
				CLANG_WARN_NON_LITERAL_NULL_CONVERSION = YES;
				CLANG_WARN_OBJC_IMPLICIT_RETAIN_SELF = YES;
				CLANG_WARN_OBJC_LITERAL_CONVERSION = YES;
				CLANG_WARN_OBJC_ROOT_CLASS = YES_ERROR;
				CLANG_WARN_QUOTED_INCLUDE_IN_FRAMEWORK_HEADER = YES;
				CLANG_WARN_RANGE_LOOP_ANALYSIS = YES;
				CLANG_WARN_STRICT_PROTOTYPES = YES;
				CLANG_WARN_SUSPICIOUS_MOVE = YES;
				CLANG_WARN_UNGUARDED_AVAILABILITY = YES_AGGRESSIVE;
				CLANG_WARN_UNREACHABLE_CODE = YES;
				CLANG_WARN__DUPLICATE_METHOD_MATCH = YES;
				COPY_PHASE_STRIP = NO;
				DEBUG_INFORMATION_FORMAT = "dwarf-with-dsym";
				ENABLE_NS_ASSERTIONS = NO;
				ENABLE_STRICT_OBJC_MSGSEND = YES;
				ENABLE_USER_SCRIPT_SANDBOXING = YES;
				GCC_C_LANGUAGE_STANDARD = gnu17;
				GCC_NO_COMMON_BLOCKS = YES;
				GCC_WARN_64_TO_32_BIT_CONVERSION = YES;
				GCC_WARN_ABOUT_RETURN_TYPE = YES_ERROR;
				GCC_WARN_UNDECLARED_SELECTOR = YES;
				GCC_WARN_UNINITIALIZED_AUTOS = YES_AGGRESSIVE;
				GCC_WARN_UNUSED_FUNCTION = YES;
				GCC_WARN_UNUSED_VARIABLE = YES;
				IPHONEOS_DEPLOYMENT_TARGET = 17.5;
				LOCALIZATION_PREFERS_STRING_CATALOGS = YES;
				MTL_ENABLE_DEBUG_INFO = NO;
				MTL_FAST_MATH = YES;
				SDKROOT = iphoneos;
				SWIFT_COMPILATION_MODE = wholemodule;
				VALIDATE_PRODUCT = YES;
			};
			name = Release;
		};
		DD01EAC42C1757FE00D403BD /* Debug */ = {
			isa = XCBuildConfiguration;
			baseConfigurationReference = 443C2641BCD3FC3365A4D281 /* Pods-Unsplasher.debug.xcconfig */;
			buildSettings = {
				ASSETCATALOG_COMPILER_APPICON_NAME = AppIcon;
				ASSETCATALOG_COMPILER_GLOBAL_ACCENT_COLOR_NAME = AccentColor;
				CODE_SIGN_STYLE = Automatic;
				CURRENT_PROJECT_VERSION = 1;
				DEVELOPMENT_TEAM = UL8MT562QM;
				ENABLE_USER_SCRIPT_SANDBOXING = NO;
				GENERATE_INFOPLIST_FILE = YES;
				INFOPLIST_FILE = Unsplasher/Resources/Info.plist;
				INFOPLIST_KEY_LSApplicationCategoryType = "public.app-category.entertainment";
				INFOPLIST_KEY_UIApplicationSupportsIndirectInputEvents = YES;
				INFOPLIST_KEY_UILaunchStoryboardName = LaunchScreen;
				INFOPLIST_KEY_UISupportedInterfaceOrientations = UIInterfaceOrientationPortrait;
				INFOPLIST_KEY_UISupportedInterfaceOrientations_iPad = "UIInterfaceOrientationLandscapeLeft UIInterfaceOrientationLandscapeRight UIInterfaceOrientationPortrait UIInterfaceOrientationPortraitUpsideDown";
				LD_RUNPATH_SEARCH_PATHS = (
					"$(inherited)",
					"@executable_path/Frameworks",
				);
				MARKETING_VERSION = 1.0;
				PRODUCT_BUNDLE_IDENTIFIER = com.vadamask.Unsplasher;
				PRODUCT_NAME = "$(TARGET_NAME)";
				SUPPORTED_PLATFORMS = "iphoneos iphonesimulator";
				SUPPORTS_MACCATALYST = NO;
				SUPPORTS_MAC_DESIGNED_FOR_IPHONE_IPAD = NO;
				SUPPORTS_XR_DESIGNED_FOR_IPHONE_IPAD = NO;
				SWIFT_EMIT_LOC_STRINGS = YES;
				SWIFT_VERSION = 5.0;
				TARGETED_DEVICE_FAMILY = 1;
			};
			name = Debug;
		};
		DD01EAC52C1757FE00D403BD /* Release */ = {
			isa = XCBuildConfiguration;
			baseConfigurationReference = 9790BA28088257B79E882017 /* Pods-Unsplasher.release.xcconfig */;
			buildSettings = {
				ASSETCATALOG_COMPILER_APPICON_NAME = AppIcon;
				ASSETCATALOG_COMPILER_GLOBAL_ACCENT_COLOR_NAME = AccentColor;
				CODE_SIGN_STYLE = Automatic;
				CURRENT_PROJECT_VERSION = 1;
				DEVELOPMENT_TEAM = UL8MT562QM;
				ENABLE_USER_SCRIPT_SANDBOXING = NO;
				GENERATE_INFOPLIST_FILE = YES;
				INFOPLIST_FILE = Unsplasher/Resources/Info.plist;
				INFOPLIST_KEY_LSApplicationCategoryType = "public.app-category.entertainment";
				INFOPLIST_KEY_UIApplicationSupportsIndirectInputEvents = YES;
				INFOPLIST_KEY_UILaunchStoryboardName = LaunchScreen;
				INFOPLIST_KEY_UISupportedInterfaceOrientations = UIInterfaceOrientationPortrait;
				INFOPLIST_KEY_UISupportedInterfaceOrientations_iPad = "UIInterfaceOrientationLandscapeLeft UIInterfaceOrientationLandscapeRight UIInterfaceOrientationPortrait UIInterfaceOrientationPortraitUpsideDown";
				LD_RUNPATH_SEARCH_PATHS = (
					"$(inherited)",
					"@executable_path/Frameworks",
				);
				MARKETING_VERSION = 1.0;
				PRODUCT_BUNDLE_IDENTIFIER = com.vadamask.Unsplasher;
				PRODUCT_NAME = "$(TARGET_NAME)";
				SUPPORTED_PLATFORMS = "iphoneos iphonesimulator";
				SUPPORTS_MACCATALYST = NO;
				SUPPORTS_MAC_DESIGNED_FOR_IPHONE_IPAD = NO;
				SUPPORTS_XR_DESIGNED_FOR_IPHONE_IPAD = NO;
				SWIFT_EMIT_LOC_STRINGS = YES;
				SWIFT_VERSION = 5.0;
				TARGETED_DEVICE_FAMILY = 1;
			};
			name = Release;
		};
/* End XCBuildConfiguration section */

/* Begin XCConfigurationList section */
		DD01EAAA2C1757FC00D403BD /* Build configuration list for PBXProject "Unsplasher" */ = {
			isa = XCConfigurationList;
			buildConfigurations = (
				DD01EAC12C1757FE00D403BD /* Debug */,
				DD01EAC22C1757FE00D403BD /* Release */,
			);
			defaultConfigurationIsVisible = 0;
			defaultConfigurationName = Release;
		};
		DD01EAC32C1757FE00D403BD /* Build configuration list for PBXNativeTarget "Unsplasher" */ = {
			isa = XCConfigurationList;
			buildConfigurations = (
				DD01EAC42C1757FE00D403BD /* Debug */,
				DD01EAC52C1757FE00D403BD /* Release */,
			);
			defaultConfigurationIsVisible = 0;
			defaultConfigurationName = Release;
		};
/* End XCConfigurationList section */
	};
	rootObject = DD01EAA72C1757FC00D403BD /* Project object */;
}
